
Microsoft Visual Studio Solution File, Format Version 12.00
# Visual Studio Version 17
VisualStudioVersion = 17.9.34622.214
MinimumVisualStudioVersion = 10.0.40219.1
Project("{FAE04EC0-301F-11D3-BF4B-00C04F79EFBC}") = "AjaxApp", "AjaxApp.csproj", "{CA2B786B-F833-44AC-8529-0183B2A6E07C}"
EndProject
Global
	GlobalSection(SolutionConfigurationPlatforms) = preSolution
		Debug|Any CPU = Debug|Any CPU
		Release|Any CPU = Release|Any CPU
	EndGlobalSection
	GlobalSection(ProjectConfigurationPlatforms) = postSolution
		{CA2B786B-F833-44AC-8529-0183B2A6E07C}.Debug|Any CPU.ActiveCfg = Debug|Any CPU
		{CA2B786B-F833-44AC-8529-0183B2A6E07C}.Debug|Any CPU.Build.0 = Debug|Any CPU
		{CA2B786B-F833-44AC-8529-0183B2A6E07C}.Release|Any CPU.ActiveCfg = Release|Any CPU
		{CA2B786B-F833-44AC-8529-0183B2A6E07C}.Release|Any CPU.Build.0 = Release|Any CPU
	EndGlobalSection
	GlobalSection(SolutionProperties) = preSolution
		HideSolutionNode = FALSE
	EndGlobalSection
	GlobalSection(ExtensibilityGlobals) = postSolution
		SolutionGuid = {11C1F776-66EC-47B8-BBEA-90FEF222C28F}
	EndGlobalSection
EndGlobal
