
Microsoft Visual Studio Solution File, Format Version 12.00
# Visual Studio Version 17
VisualStudioVersion = 17.9.34622.214
MinimumVisualStudioVersion = 10.0.40219.1
Project("{9A19103F-16F7-4668-BE54-9A1E7A4F7556}") = "ApiGatewayRed", "ApiGatewayRed\ApiGatewayRed.csproj", "{2900CA51-020A-446A-8881-637399879B30}"
EndProject
Project("{9A19103F-16F7-4668-BE54-9A1E7A4F7556}") = "OrderService", "Services\OrderService\OrderService.csproj", "{F4834908-236C-43A0-A37E-A3933C18C0B7}"
EndProject
Project("{2150E333-8FDC-42A3-9474-1A3956D46DE8}") = "Services", "Services", "{970DE4A6-098E-4D44-86EA-84DE0C3E7F1B}"
EndProject
Project("{9A19103F-16F7-4668-BE54-9A1E7A4F7556}") = "ProductService", "Services\ProductService\ProductService.csproj", "{45B9ED1D-6C56-4EBF-A032-7CD25ADD311E}"
EndProject
Project("{9A19103F-16F7-4668-BE54-9A1E7A4F7556}") = "UserService", "Services\UserService\UserService.csproj", "{EA484D10-F9FA-4155-AAB3-8F8B2FB8A534}"
EndProject
Project("{FAE04EC0-301F-11D3-BF4B-00C04F79EFBC}") = "ApiGatewayBlue", "ApiGatewayBlue\ApiGatewayBlue.csproj", "{71F23154-B01F-4B7B-B0D9-212B42F6346D}"
EndProject
Global
	GlobalSection(SolutionConfigurationPlatforms) = preSolution
		Debug|Any CPU = Debug|Any CPU
		Release|Any CPU = Release|Any CPU
	EndGlobalSection
	GlobalSection(ProjectConfigurationPlatforms) = postSolution
		{2900CA51-020A-446A-8881-637399879B30}.Debug|Any CPU.ActiveCfg = Debug|Any CPU
		{2900CA51-020A-446A-8881-637399879B30}.Debug|Any CPU.Build.0 = Debug|Any CPU
		{2900CA51-020A-446A-8881-637399879B30}.Release|Any CPU.ActiveCfg = Release|Any CPU
		{2900CA51-020A-446A-8881-637399879B30}.Release|Any CPU.Build.0 = Release|Any CPU
		{F4834908-236C-43A0-A37E-A3933C18C0B7}.Debug|Any CPU.ActiveCfg = Debug|Any CPU
		{F4834908-236C-43A0-A37E-A3933C18C0B7}.Debug|Any CPU.Build.0 = Debug|Any CPU
		{F4834908-236C-43A0-A37E-A3933C18C0B7}.Release|Any CPU.ActiveCfg = Release|Any CPU
		{F4834908-236C-43A0-A37E-A3933C18C0B7}.Release|Any CPU.Build.0 = Release|Any CPU
		{45B9ED1D-6C56-4EBF-A032-7CD25ADD311E}.Debug|Any CPU.ActiveCfg = Debug|Any CPU
		{45B9ED1D-6C56-4EBF-A032-7CD25ADD311E}.Debug|Any CPU.Build.0 = Debug|Any CPU
		{45B9ED1D-6C56-4EBF-A032-7CD25ADD311E}.Release|Any CPU.ActiveCfg = Release|Any CPU
		{45B9ED1D-6C56-4EBF-A032-7CD25ADD311E}.Release|Any CPU.Build.0 = Release|Any CPU
		{EA484D10-F9FA-4155-AAB3-8F8B2FB8A534}.Debug|Any CPU.ActiveCfg = Debug|Any CPU
		{EA484D10-F9FA-4155-AAB3-8F8B2FB8A534}.Debug|Any CPU.Build.0 = Debug|Any CPU
		{EA484D10-F9FA-4155-AAB3-8F8B2FB8A534}.Release|Any CPU.ActiveCfg = Release|Any CPU
		{EA484D10-F9FA-4155-AAB3-8F8B2FB8A534}.Release|Any CPU.Build.0 = Release|Any CPU
		{71F23154-B01F-4B7B-B0D9-212B42F6346D}.Debug|Any CPU.ActiveCfg = Debug|Any CPU
		{71F23154-B01F-4B7B-B0D9-212B42F6346D}.Debug|Any CPU.Build.0 = Debug|Any CPU
		{71F23154-B01F-4B7B-B0D9-212B42F6346D}.Release|Any CPU.ActiveCfg = Release|Any CPU
		{71F23154-B01F-4B7B-B0D9-212B42F6346D}.Release|Any CPU.Build.0 = Release|Any CPU
	EndGlobalSection
	GlobalSection(SolutionProperties) = preSolution
		HideSolutionNode = FALSE
	EndGlobalSection
	GlobalSection(NestedProjects) = preSolution
		{F4834908-236C-43A0-A37E-A3933C18C0B7} = {970DE4A6-098E-4D44-86EA-84DE0C3E7F1B}
		{45B9ED1D-6C56-4EBF-A032-7CD25ADD311E} = {970DE4A6-098E-4D44-86EA-84DE0C3E7F1B}
		{EA484D10-F9FA-4155-AAB3-8F8B2FB8A534} = {970DE4A6-098E-4D44-86EA-84DE0C3E7F1B}
	EndGlobalSection
	GlobalSection(ExtensibilityGlobals) = postSolution
		SolutionGuid = {C6C1EFCB-AA1B-46D2-A2AF-B14DFDCA1FB5}
	EndGlobalSection
EndGlobal
